// !$*UTF8*$!
{
	archiveVersion = 1;
	classes = {
	};
	objectVersion = 52;
	objects = {

/* Begin PBXBuildFile section */
		8210E11C27772A8C003D7607 /* ParcelViewModelTests.swift in Sources */ = {isa = PBXBuildFile; fileRef = 8210E11B27772A8C003D7607 /* ParcelViewModelTests.swift */; };
		824E4CEC276E74A5005C0865 /* AppDelegate.swift in Sources */ = {isa = PBXBuildFile; fileRef = 824E4CEB276E74A5005C0865 /* AppDelegate.swift */; };
		824E4CEE276E74A5005C0865 /* SceneDelegate.swift in Sources */ = {isa = PBXBuildFile; fileRef = 824E4CED276E74A5005C0865 /* SceneDelegate.swift */; };
		824E4CF3276E74A5005C0865 /* Buscador.xcdatamodeld in Sources */ = {isa = PBXBuildFile; fileRef = 824E4CF1276E74A5005C0865 /* Buscador.xcdatamodeld */; };
		824E4CF5276E74A6005C0865 /* Assets.xcassets in Resources */ = {isa = PBXBuildFile; fileRef = 824E4CF4276E74A6005C0865 /* Assets.xcassets */; };
		824E4CF8276E74A6005C0865 /* Preview Assets.xcassets in Resources */ = {isa = PBXBuildFile; fileRef = 824E4CF7276E74A6005C0865 /* Preview Assets.xcassets */; };
		824E4CFB276E74A6005C0865 /* LaunchScreen.storyboard in Resources */ = {isa = PBXBuildFile; fileRef = 824E4CF9276E74A6005C0865 /* LaunchScreen.storyboard */; };
		824E4D0E276E7C3F005C0865 /* CepController.swift in Sources */ = {isa = PBXBuildFile; fileRef = 824E4D0D276E7C3F005C0865 /* CepController.swift */; };
		824E4D10276E7C72005C0865 /* ParcelsController.swift in Sources */ = {isa = PBXBuildFile; fileRef = 824E4D0F276E7C72005C0865 /* ParcelsController.swift */; };
		824E4D14276E7CBA005C0865 /* ConfigurationController.swift in Sources */ = {isa = PBXBuildFile; fileRef = 824E4D13276E7CBA005C0865 /* ConfigurationController.swift */; };
		824E4D17276E7D4D005C0865 /* MenuController.swift in Sources */ = {isa = PBXBuildFile; fileRef = 824E4D16276E7D4D005C0865 /* MenuController.swift */; };
		828DC7C827707E6300DA9433 /* ParcelsCreateController.swift in Sources */ = {isa = PBXBuildFile; fileRef = 828DC7C727707E6300DA9433 /* ParcelsCreateController.swift */; };
		828DC7CA2770849300DA9433 /* ParcelsDetailsController.swift in Sources */ = {isa = PBXBuildFile; fileRef = 828DC7C92770849300DA9433 /* ParcelsDetailsController.swift */; };
		8295A011277CE103008D16E5 /* EnvironmentValues+Extensions.swift in Sources */ = {isa = PBXBuildFile; fileRef = 8295A010277CE103008D16E5 /* EnvironmentValues+Extensions.swift */; };
		82A7B019277E3D6600D40682 /* Alamofire in Frameworks */ = {isa = PBXBuildFile; productRef = 82A7B018277E3D6600D40682 /* Alamofire */; };
		82A7B01C277E41AB00D40682 /* EventEntity.swift in Sources */ = {isa = PBXBuildFile; fileRef = 82A7B01B277E41AB00D40682 /* EventEntity.swift */; };
		82AA7CF627765F8000FCEE51 /* TextFieldBorder.swift in Sources */ = {isa = PBXBuildFile; fileRef = 82AA7CF527765F8000FCEE51 /* TextFieldBorder.swift */; };
		82AA7CF82776689B00FCEE51 /* ButtonAppStyle.swift in Sources */ = {isa = PBXBuildFile; fileRef = 82AA7CF72776689B00FCEE51 /* ButtonAppStyle.swift */; };
		82AA7CFB27766DA800FCEE51 /* ParcelViewModel.swift in Sources */ = {isa = PBXBuildFile; fileRef = 82AA7CFA27766DA800FCEE51 /* ParcelViewModel.swift */; };
		82CABB7E2778C11A006520A3 /* Color+Extensions.swift in Sources */ = {isa = PBXBuildFile; fileRef = 82CABB7D2778C11A006520A3 /* Color+Extensions.swift */; };
		82CABB802778E063006520A3 /* Config.swift in Sources */ = {isa = PBXBuildFile; fileRef = 82CABB7F2778E063006520A3 /* Config.swift */; };
		82CABB842778E20B006520A3 /* TextFieldModifier.swift in Sources */ = {isa = PBXBuildFile; fileRef = 82CABB832778E20B006520A3 /* TextFieldModifier.swift */; };
		82CABB892778E6E3006520A3 /* RegexTests.swift in Sources */ = {isa = PBXBuildFile; fileRef = 82CABB882778E6E3006520A3 /* RegexTests.swift */; };
		82CABB8B2778EE1F006520A3 /* NSRegularExpression+Extensions.swift in Sources */ = {isa = PBXBuildFile; fileRef = 82CABB8A2778EE1F006520A3 /* NSRegularExpression+Extensions.swift */; };
		82D362A727772465008CFA9A /* NSManagedObjectContext+Extensions.swift in Sources */ = {isa = PBXBuildFile; fileRef = 82D362A627772465008CFA9A /* NSManagedObjectContext+Extensions.swift */; };
		82D4358E276FC41100E5A45D /* ParcelsViewCell.swift in Sources */ = {isa = PBXBuildFile; fileRef = 82D4358D276FC41100E5A45D /* ParcelsViewCell.swift */; };
/* End PBXBuildFile section */

/* Begin PBXContainerItemProxy section */
		8210E11427772A47003D7607 /* PBXContainerItemProxy */ = {
			isa = PBXContainerItemProxy;
			containerPortal = 824E4CE0276E74A5005C0865 /* Project object */;
			proxyType = 1;
			remoteGlobalIDString = 824E4CE7276E74A5005C0865;
			remoteInfo = Buscador;
		};
/* End PBXContainerItemProxy section */

/* Begin PBXFileReference section */
		8210E11027772A47003D7607 /* BuscadorTests.xctest */ = {isa = PBXFileReference; explicitFileType = wrapper.cfbundle; includeInIndex = 0; path = BuscadorTests.xctest; sourceTree = BUILT_PRODUCTS_DIR; };
		8210E11B27772A8C003D7607 /* ParcelViewModelTests.swift */ = {isa = PBXFileReference; lastKnownFileType = sourcecode.swift; path = ParcelViewModelTests.swift; sourceTree = "<group>"; };
		824E4CE8276E74A5005C0865 /* Buscador.app */ = {isa = PBXFileReference; explicitFileType = wrapper.application; includeInIndex = 0; path = Buscador.app; sourceTree = BUILT_PRODUCTS_DIR; };
		824E4CEB276E74A5005C0865 /* AppDelegate.swift */ = {isa = PBXFileReference; lastKnownFileType = sourcecode.swift; path = AppDelegate.swift; sourceTree = "<group>"; };
		824E4CED276E74A5005C0865 /* SceneDelegate.swift */ = {isa = PBXFileReference; lastKnownFileType = sourcecode.swift; path = SceneDelegate.swift; sourceTree = "<group>"; };
		824E4CF2276E74A5005C0865 /* Buscador.xcdatamodel */ = {isa = PBXFileReference; lastKnownFileType = wrapper.xcdatamodel; path = Buscador.xcdatamodel; sourceTree = "<group>"; };
		824E4CF4276E74A6005C0865 /* Assets.xcassets */ = {isa = PBXFileReference; lastKnownFileType = folder.assetcatalog; path = Assets.xcassets; sourceTree = "<group>"; };
		824E4CF7276E74A6005C0865 /* Preview Assets.xcassets */ = {isa = PBXFileReference; lastKnownFileType = folder.assetcatalog; path = "Preview Assets.xcassets"; sourceTree = "<group>"; };
		824E4CFA276E74A6005C0865 /* Base */ = {isa = PBXFileReference; lastKnownFileType = file.storyboard; name = Base; path = Base.lproj/LaunchScreen.storyboard; sourceTree = "<group>"; };
		824E4CFC276E74A6005C0865 /* Info.plist */ = {isa = PBXFileReference; lastKnownFileType = text.plist.xml; path = Info.plist; sourceTree = "<group>"; };
		824E4D0D276E7C3F005C0865 /* CepController.swift */ = {isa = PBXFileReference; lastKnownFileType = sourcecode.swift; path = CepController.swift; sourceTree = "<group>"; };
		824E4D0F276E7C72005C0865 /* ParcelsController.swift */ = {isa = PBXFileReference; lastKnownFileType = sourcecode.swift; path = ParcelsController.swift; sourceTree = "<group>"; };
		824E4D13276E7CBA005C0865 /* ConfigurationController.swift */ = {isa = PBXFileReference; lastKnownFileType = sourcecode.swift; path = ConfigurationController.swift; sourceTree = "<group>"; };
		824E4D16276E7D4D005C0865 /* MenuController.swift */ = {isa = PBXFileReference; lastKnownFileType = sourcecode.swift; path = MenuController.swift; sourceTree = "<group>"; };
		828DC7C727707E6300DA9433 /* ParcelsCreateController.swift */ = {isa = PBXFileReference; lastKnownFileType = sourcecode.swift; path = ParcelsCreateController.swift; sourceTree = "<group>"; };
		828DC7C92770849300DA9433 /* ParcelsDetailsController.swift */ = {isa = PBXFileReference; lastKnownFileType = sourcecode.swift; path = ParcelsDetailsController.swift; sourceTree = "<group>"; };
		8295A010277CE103008D16E5 /* EnvironmentValues+Extensions.swift */ = {isa = PBXFileReference; lastKnownFileType = sourcecode.swift; path = "EnvironmentValues+Extensions.swift"; sourceTree = "<group>"; };
		82A7B01B277E41AB00D40682 /* EventEntity.swift */ = {isa = PBXFileReference; lastKnownFileType = sourcecode.swift; path = EventEntity.swift; sourceTree = "<group>"; };
		82AA7CF527765F8000FCEE51 /* TextFieldBorder.swift */ = {isa = PBXFileReference; lastKnownFileType = sourcecode.swift; path = TextFieldBorder.swift; sourceTree = "<group>"; };
		82AA7CF72776689B00FCEE51 /* ButtonAppStyle.swift */ = {isa = PBXFileReference; lastKnownFileType = sourcecode.swift; path = ButtonAppStyle.swift; sourceTree = "<group>"; };
		82AA7CFA27766DA800FCEE51 /* ParcelViewModel.swift */ = {isa = PBXFileReference; lastKnownFileType = sourcecode.swift; path = ParcelViewModel.swift; sourceTree = "<group>"; };
		82CABB7D2778C11A006520A3 /* Color+Extensions.swift */ = {isa = PBXFileReference; lastKnownFileType = sourcecode.swift; path = "Color+Extensions.swift"; sourceTree = "<group>"; };
		82CABB7F2778E063006520A3 /* Config.swift */ = {isa = PBXFileReference; lastKnownFileType = sourcecode.swift; path = Config.swift; sourceTree = "<group>"; };
		82CABB832778E20B006520A3 /* TextFieldModifier.swift */ = {isa = PBXFileReference; lastKnownFileType = sourcecode.swift; path = TextFieldModifier.swift; sourceTree = "<group>"; };
		82CABB882778E6E3006520A3 /* RegexTests.swift */ = {isa = PBXFileReference; lastKnownFileType = sourcecode.swift; path = RegexTests.swift; sourceTree = "<group>"; };
		82CABB8A2778EE1F006520A3 /* NSRegularExpression+Extensions.swift */ = {isa = PBXFileReference; lastKnownFileType = sourcecode.swift; path = "NSRegularExpression+Extensions.swift"; sourceTree = "<group>"; };
		82D362A627772465008CFA9A /* NSManagedObjectContext+Extensions.swift */ = {isa = PBXFileReference; lastKnownFileType = sourcecode.swift; path = "NSManagedObjectContext+Extensions.swift"; sourceTree = "<group>"; };
		82D4358D276FC41100E5A45D /* ParcelsViewCell.swift */ = {isa = PBXFileReference; lastKnownFileType = sourcecode.swift; path = ParcelsViewCell.swift; sourceTree = "<group>"; };
/* End PBXFileReference section */

/* Begin PBXFrameworksBuildPhase section */
		8210E10D27772A47003D7607 /* Frameworks */ = {
			isa = PBXFrameworksBuildPhase;
			buildActionMask = 2147483647;
			files = (
			);
			runOnlyForDeploymentPostprocessing = 0;
		};
		824E4CE5276E74A5005C0865 /* Frameworks */ = {
			isa = PBXFrameworksBuildPhase;
			buildActionMask = 2147483647;
			files = (
				82A7B019277E3D6600D40682 /* Alamofire in Frameworks */,
			);
			runOnlyForDeploymentPostprocessing = 0;
		};
/* End PBXFrameworksBuildPhase section */

/* Begin PBXGroup section */
		8210E11127772A47003D7607 /* BuscadorTests */ = {
			isa = PBXGroup;
			children = (
				82CABB862778E688006520A3 /* Model */,
			);
			path = BuscadorTests;
			sourceTree = "<group>";
		};
		824E4CDF276E74A5005C0865 = {
			isa = PBXGroup;
			children = (
				824E4CEA276E74A5005C0865 /* Buscador */,
				8210E11127772A47003D7607 /* BuscadorTests */,
				824E4CE9276E74A5005C0865 /* Products */,
			);
			sourceTree = "<group>";
		};
		824E4CE9276E74A5005C0865 /* Products */ = {
			isa = PBXGroup;
			children = (
				824E4CE8276E74A5005C0865 /* Buscador.app */,
				8210E11027772A47003D7607 /* BuscadorTests.xctest */,
			);
			name = Products;
			sourceTree = "<group>";
		};
		824E4CEA276E74A5005C0865 /* Buscador */ = {
			isa = PBXGroup;
			children = (
				82CABB812778E1CF006520A3 /* Modifier */,
				828DC7CB27708A2300DA9433 /* Styles */,
				824E4D0C276E7AE4005C0865 /* Resouces */,
				824E4D0B276E7AD6005C0865 /* App */,
				824E4D05276E7516005C0865 /* Extensions */,
				824E4D04276E7507005C0865 /* Components */,
				824E4D03276E74EF005C0865 /* Controllers */,
				824E4D02276E74E5005C0865 /* Model */,
				824E4CFC276E74A6005C0865 /* Info.plist */,
				824E4CF6276E74A6005C0865 /* Preview Content */,
			);
			path = Buscador;
			sourceTree = "<group>";
		};
		824E4CF6276E74A6005C0865 /* Preview Content */ = {
			isa = PBXGroup;
			children = (
				824E4CF7276E74A6005C0865 /* Preview Assets.xcassets */,
			);
			path = "Preview Content";
			sourceTree = "<group>";
		};
		824E4D02276E74E5005C0865 /* Model */ = {
			isa = PBXGroup;
			children = (
				82A7B016277E3D3600D40682 /* Network */,
				824E4D0A276E7645005C0865 /* CoreData */,
			);
			path = Model;
			sourceTree = "<group>";
		};
		824E4D03276E74EF005C0865 /* Controllers */ = {
			isa = PBXGroup;
			children = (
				824E4D15276E7CE2005C0865 /* Menu */,
				824E4D11276E7C8B005C0865 /* Configuration */,
				824E4D07276E7535005C0865 /* Parcels */,
				824E4D06276E7522005C0865 /* Cep */,
			);
			path = Controllers;
			sourceTree = "<group>";
		};
		824E4D04276E7507005C0865 /* Components */ = {
			isa = PBXGroup;
			children = (
				82AA7CF527765F8000FCEE51 /* TextFieldBorder.swift */,
				82D4358C276FC3EE00E5A45D /* Cells */,
			);
			path = Components;
			sourceTree = "<group>";
		};
		824E4D05276E7516005C0865 /* Extensions */ = {
			isa = PBXGroup;
			children = (
				82D362A627772465008CFA9A /* NSManagedObjectContext+Extensions.swift */,
				82CABB7D2778C11A006520A3 /* Color+Extensions.swift */,
				82CABB8A2778EE1F006520A3 /* NSRegularExpression+Extensions.swift */,
				8295A010277CE103008D16E5 /* EnvironmentValues+Extensions.swift */,
			);
			path = Extensions;
			sourceTree = "<group>";
		};
		824E4D06276E7522005C0865 /* Cep */ = {
			isa = PBXGroup;
			children = (
				824E4D0D276E7C3F005C0865 /* CepController.swift */,
			);
			path = Cep;
			sourceTree = "<group>";
		};
		824E4D07276E7535005C0865 /* Parcels */ = {
			isa = PBXGroup;
			children = (
				824E4D0F276E7C72005C0865 /* ParcelsController.swift */,
				828DC7C727707E6300DA9433 /* ParcelsCreateController.swift */,
				828DC7C92770849300DA9433 /* ParcelsDetailsController.swift */,
			);
			path = Parcels;
			sourceTree = "<group>";
		};
		824E4D0A276E7645005C0865 /* CoreData */ = {
			isa = PBXGroup;
			children = (
				82AA7CF927766D7C00FCEE51 /* ViewModel */,
				824E4CF1276E74A5005C0865 /* Buscador.xcdatamodeld */,
			);
			path = CoreData;
			sourceTree = "<group>";
		};
		824E4D0B276E7AD6005C0865 /* App */ = {
			isa = PBXGroup;
			children = (
				824E4CEB276E74A5005C0865 /* AppDelegate.swift */,
				824E4CED276E74A5005C0865 /* SceneDelegate.swift */,
				82CABB7F2778E063006520A3 /* Config.swift */,
			);
			path = App;
			sourceTree = "<group>";
		};
		824E4D0C276E7AE4005C0865 /* Resouces */ = {
			isa = PBXGroup;
			children = (
				824E4CF9276E74A6005C0865 /* LaunchScreen.storyboard */,
				824E4CF4276E74A6005C0865 /* Assets.xcassets */,
			);
			path = Resouces;
			sourceTree = "<group>";
		};
		824E4D11276E7C8B005C0865 /* Configuration */ = {
			isa = PBXGroup;
			children = (
				824E4D13276E7CBA005C0865 /* ConfigurationController.swift */,
			);
			path = Configuration;
			sourceTree = "<group>";
		};
		824E4D15276E7CE2005C0865 /* Menu */ = {
			isa = PBXGroup;
			children = (
				824E4D16276E7D4D005C0865 /* MenuController.swift */,
			);
			path = Menu;
			sourceTree = "<group>";
		};
		828DC7CB27708A2300DA9433 /* Styles */ = {
			isa = PBXGroup;
			children = (
				82AA7CF72776689B00FCEE51 /* ButtonAppStyle.swift */,
			);
			path = Styles;
			sourceTree = "<group>";
		};
		82A7B016277E3D3600D40682 /* Network */ = {
			isa = PBXGroup;
			children = (
				82A7B01A277E419800D40682 /* Entity */,
			);
			path = Network;
			sourceTree = "<group>";
		};
		82A7B01A277E419800D40682 /* Entity */ = {
			isa = PBXGroup;
			children = (
				82A7B01B277E41AB00D40682 /* EventEntity.swift */,
			);
			path = Entity;
			sourceTree = "<group>";
		};
		82AA7CF927766D7C00FCEE51 /* ViewModel */ = {
			isa = PBXGroup;
			children = (
				82AA7CFA27766DA800FCEE51 /* ParcelViewModel.swift */,
			);
			path = ViewModel;
			sourceTree = "<group>";
		};
		82CABB812778E1CF006520A3 /* Modifier */ = {
			isa = PBXGroup;
			children = (
				82CABB832778E20B006520A3 /* TextFieldModifier.swift */,
			);
			path = Modifier;
			sourceTree = "<group>";
		};
		82CABB852778E604006520A3 /* ViewModel */ = {
			isa = PBXGroup;
			children = (
				8210E11B27772A8C003D7607 /* ParcelViewModelTests.swift */,
			);
			path = ViewModel;
			sourceTree = "<group>";
		};
		82CABB862778E688006520A3 /* Model */ = {
			isa = PBXGroup;
			children = (
				82CABB872778E694006520A3 /* CoreData */,
				82CABB882778E6E3006520A3 /* RegexTests.swift */,
			);
			path = Model;
			sourceTree = "<group>";
		};
		82CABB872778E694006520A3 /* CoreData */ = {
			isa = PBXGroup;
			children = (
				82CABB852778E604006520A3 /* ViewModel */,
			);
			path = CoreData;
			sourceTree = "<group>";
		};
		82D4358C276FC3EE00E5A45D /* Cells */ = {
			isa = PBXGroup;
			children = (
				82D4358D276FC41100E5A45D /* ParcelsViewCell.swift */,
			);
			path = Cells;
			sourceTree = "<group>";
		};
/* End PBXGroup section */

/* Begin PBXNativeTarget section */
		8210E10F27772A47003D7607 /* BuscadorTests */ = {
			isa = PBXNativeTarget;
			buildConfigurationList = 8210E11827772A47003D7607 /* Build configuration list for PBXNativeTarget "BuscadorTests" */;
			buildPhases = (
				8210E10C27772A47003D7607 /* Sources */,
				8210E10D27772A47003D7607 /* Frameworks */,
				8210E10E27772A47003D7607 /* Resources */,
			);
			buildRules = (
			);
			dependencies = (
				8210E11527772A47003D7607 /* PBXTargetDependency */,
			);
			name = BuscadorTests;
			productName = BuscadorTests;
			productReference = 8210E11027772A47003D7607 /* BuscadorTests.xctest */;
			productType = "com.apple.product-type.bundle.unit-test";
		};
		824E4CE7276E74A5005C0865 /* Buscador */ = {
			isa = PBXNativeTarget;
			buildConfigurationList = 824E4CFF276E74A6005C0865 /* Build configuration list for PBXNativeTarget "Buscador" */;
			buildPhases = (
				824E4CE4276E74A5005C0865 /* Sources */,
				824E4CE5276E74A5005C0865 /* Frameworks */,
				824E4CE6276E74A5005C0865 /* Resources */,
			);
			buildRules = (
			);
			dependencies = (
			);
			name = Buscador;
			packageProductDependencies = (
				82A7B018277E3D6600D40682 /* Alamofire */,
			);
			productName = Buscador;
			productReference = 824E4CE8276E74A5005C0865 /* Buscador.app */;
			productType = "com.apple.product-type.application";
		};
/* End PBXNativeTarget section */

/* Begin PBXProject section */
		824E4CE0276E74A5005C0865 /* Project object */ = {
			isa = PBXProject;
			attributes = {
				LastSwiftUpdateCheck = 1310;
				LastUpgradeCheck = 1250;
				TargetAttributes = {
					8210E10F27772A47003D7607 = {
						CreatedOnToolsVersion = 13.1;
						TestTargetID = 824E4CE7276E74A5005C0865;
					};
					824E4CE7276E74A5005C0865 = {
						CreatedOnToolsVersion = 12.5;
					};
				};
			};
			buildConfigurationList = 824E4CE3276E74A5005C0865 /* Build configuration list for PBXProject "Buscador" */;
			compatibilityVersion = "Xcode 9.3";
			developmentRegion = en;
			hasScannedForEncodings = 0;
			knownRegions = (
				en,
				Base,
			);
			mainGroup = 824E4CDF276E74A5005C0865;
			packageReferences = (
				82A7B017277E3D6600D40682 /* XCRemoteSwiftPackageReference "Alamofire" */,
			);
			productRefGroup = 824E4CE9276E74A5005C0865 /* Products */;
			projectDirPath = "";
			projectRoot = "";
			targets = (
				824E4CE7276E74A5005C0865 /* Buscador */,
				8210E10F27772A47003D7607 /* BuscadorTests */,
			);
		};
/* End PBXProject section */

/* Begin PBXResourcesBuildPhase section */
		8210E10E27772A47003D7607 /* Resources */ = {
			isa = PBXResourcesBuildPhase;
			buildActionMask = 2147483647;
			files = (
			);
			runOnlyForDeploymentPostprocessing = 0;
		};
		824E4CE6276E74A5005C0865 /* Resources */ = {
			isa = PBXResourcesBuildPhase;
			buildActionMask = 2147483647;
			files = (
				824E4CFB276E74A6005C0865 /* LaunchScreen.storyboard in Resources */,
				824E4CF8276E74A6005C0865 /* Preview Assets.xcassets in Resources */,
				824E4CF5276E74A6005C0865 /* Assets.xcassets in Resources */,
			);
			runOnlyForDeploymentPostprocessing = 0;
		};
/* End PBXResourcesBuildPhase section */

/* Begin PBXSourcesBuildPhase section */
		8210E10C27772A47003D7607 /* Sources */ = {
			isa = PBXSourcesBuildPhase;
			buildActionMask = 2147483647;
			files = (
				8210E11C27772A8C003D7607 /* ParcelViewModelTests.swift in Sources */,
				82CABB892778E6E3006520A3 /* RegexTests.swift in Sources */,
			);
			runOnlyForDeploymentPostprocessing = 0;
		};
		824E4CE4276E74A5005C0865 /* Sources */ = {
			isa = PBXSourcesBuildPhase;
			buildActionMask = 2147483647;
			files = (
				824E4D17276E7D4D005C0865 /* MenuController.swift in Sources */,
				82D362A727772465008CFA9A /* NSManagedObjectContext+Extensions.swift in Sources */,
				828DC7C827707E6300DA9433 /* ParcelsCreateController.swift in Sources */,
				82AA7CFB27766DA800FCEE51 /* ParcelViewModel.swift in Sources */,
				824E4CF3276E74A5005C0865 /* Buscador.xcdatamodeld in Sources */,
				82CABB7E2778C11A006520A3 /* Color+Extensions.swift in Sources */,
				824E4D0E276E7C3F005C0865 /* CepController.swift in Sources */,
				82CABB842778E20B006520A3 /* TextFieldModifier.swift in Sources */,
				824E4D10276E7C72005C0865 /* ParcelsController.swift in Sources */,
				82CABB8B2778EE1F006520A3 /* NSRegularExpression+Extensions.swift in Sources */,
				824E4CEC276E74A5005C0865 /* AppDelegate.swift in Sources */,
				82A7B01C277E41AB00D40682 /* EventEntity.swift in Sources */,
				824E4D14276E7CBA005C0865 /* ConfigurationController.swift in Sources */,
				82D4358E276FC41100E5A45D /* ParcelsViewCell.swift in Sources */,
				82AA7CF627765F8000FCEE51 /* TextFieldBorder.swift in Sources */,
				82AA7CF82776689B00FCEE51 /* ButtonAppStyle.swift in Sources */,
				82CABB802778E063006520A3 /* Config.swift in Sources */,
				8295A011277CE103008D16E5 /* EnvironmentValues+Extensions.swift in Sources */,
				824E4CEE276E74A5005C0865 /* SceneDelegate.swift in Sources */,
				828DC7CA2770849300DA9433 /* ParcelsDetailsController.swift in Sources */,
			);
			runOnlyForDeploymentPostprocessing = 0;
		};
/* End PBXSourcesBuildPhase section */

/* Begin PBXTargetDependency section */
		8210E11527772A47003D7607 /* PBXTargetDependency */ = {
			isa = PBXTargetDependency;
			target = 824E4CE7276E74A5005C0865 /* Buscador */;
			targetProxy = 8210E11427772A47003D7607 /* PBXContainerItemProxy */;
		};
/* End PBXTargetDependency section */

/* Begin PBXVariantGroup section */
		824E4CF9276E74A6005C0865 /* LaunchScreen.storyboard */ = {
			isa = PBXVariantGroup;
			children = (
				824E4CFA276E74A6005C0865 /* Base */,
			);
			name = LaunchScreen.storyboard;
			sourceTree = "<group>";
		};
/* End PBXVariantGroup section */

/* Begin XCBuildConfiguration section */
		8210E11627772A47003D7607 /* Debug */ = {
			isa = XCBuildConfiguration;
			buildSettings = {
				BUNDLE_LOADER = "$(TEST_HOST)";
				CLANG_CXX_LANGUAGE_STANDARD = "gnu++17";
				CODE_SIGN_STYLE = Manual;
				CURRENT_PROJECT_VERSION = 1;
				DEVELOPMENT_TEAM = "";
				GENERATE_INFOPLIST_FILE = YES;
				IPHONEOS_DEPLOYMENT_TARGET = 15.0;
				LD_RUNPATH_SEARCH_PATHS = (
					"$(inherited)",
					"@executable_path/Frameworks",
					"@loader_path/Frameworks",
				);
				MARKETING_VERSION = 1.0;
				PRODUCT_BUNDLE_IDENTIFIER = com.gustavocosme.BuscadorTests;
				PRODUCT_NAME = "$(TARGET_NAME)";
				PROVISIONING_PROFILE_SPECIFIER = "";
				"PROVISIONING_PROFILE_SPECIFIER[sdk=macosx*]" = "";
				SWIFT_EMIT_LOC_STRINGS = NO;
				SWIFT_VERSION = 5.0;
				TARGETED_DEVICE_FAMILY = "1,2";
				TEST_HOST = "$(BUILT_PRODUCTS_DIR)/Buscador.app/Buscador";
			};
			name = Debug;
		};
		8210E11727772A47003D7607 /* Release */ = {
			isa = XCBuildConfiguration;
			buildSettings = {
				BUNDLE_LOADER = "$(TEST_HOST)";
				CLANG_CXX_LANGUAGE_STANDARD = "gnu++17";
				CODE_SIGN_STYLE = Manual;
				CURRENT_PROJECT_VERSION = 1;
				DEVELOPMENT_TEAM = "";
				GENERATE_INFOPLIST_FILE = YES;
				IPHONEOS_DEPLOYMENT_TARGET = 15.0;
				LD_RUNPATH_SEARCH_PATHS = (
					"$(inherited)",
					"@executable_path/Frameworks",
					"@loader_path/Frameworks",
				);
				MARKETING_VERSION = 1.0;
				PRODUCT_BUNDLE_IDENTIFIER = com.gustavocosme.BuscadorTests;
				PRODUCT_NAME = "$(TARGET_NAME)";
				PROVISIONING_PROFILE_SPECIFIER = "";
				"PROVISIONING_PROFILE_SPECIFIER[sdk=macosx*]" = "";
				SWIFT_EMIT_LOC_STRINGS = NO;
				SWIFT_VERSION = 5.0;
				TARGETED_DEVICE_FAMILY = "1,2";
				TEST_HOST = "$(BUILT_PRODUCTS_DIR)/Buscador.app/Buscador";
			};
			name = Release;
		};
		824E4CFD276E74A6005C0865 /* Debug */ = {
			isa = XCBuildConfiguration;
			buildSettings = {
				ALWAYS_SEARCH_USER_PATHS = NO;
				CLANG_ANALYZER_NONNULL = YES;
				CLANG_ANALYZER_NUMBER_OBJECT_CONVERSION = YES_AGGRESSIVE;
				CLANG_CXX_LANGUAGE_STANDARD = "gnu++14";
				CLANG_CXX_LIBRARY = "libc++";
				CLANG_ENABLE_MODULES = YES;
				CLANG_ENABLE_OBJC_ARC = YES;
				CLANG_ENABLE_OBJC_WEAK = YES;
				CLANG_WARN_BLOCK_CAPTURE_AUTORELEASING = YES;
				CLANG_WARN_BOOL_CONVERSION = YES;
				CLANG_WARN_COMMA = YES;
				CLANG_WARN_CONSTANT_CONVERSION = YES;
				CLANG_WARN_DEPRECATED_OBJC_IMPLEMENTATIONS = YES;
				CLANG_WARN_DIRECT_OBJC_ISA_USAGE = YES_ERROR;
				CLANG_WARN_DOCUMENTATION_COMMENTS = YES;
				CLANG_WARN_EMPTY_BODY = YES;
				CLANG_WARN_ENUM_CONVERSION = YES;
				CLANG_WARN_INFINITE_RECURSION = YES;
				CLANG_WARN_INT_CONVERSION = YES;
				CLANG_WARN_NON_LITERAL_NULL_CONVERSION = YES;
				CLANG_WARN_OBJC_IMPLICIT_RETAIN_SELF = YES;
				CLANG_WARN_OBJC_LITERAL_CONVERSION = YES;
				CLANG_WARN_OBJC_ROOT_CLASS = YES_ERROR;
				CLANG_WARN_QUOTED_INCLUDE_IN_FRAMEWORK_HEADER = YES;
				CLANG_WARN_RANGE_LOOP_ANALYSIS = YES;
				CLANG_WARN_STRICT_PROTOTYPES = YES;
				CLANG_WARN_SUSPICIOUS_MOVE = YES;
				CLANG_WARN_UNGUARDED_AVAILABILITY = YES_AGGRESSIVE;
				CLANG_WARN_UNREACHABLE_CODE = YES;
				CLANG_WARN__DUPLICATE_METHOD_MATCH = YES;
				COPY_PHASE_STRIP = NO;
				DEBUG_INFORMATION_FORMAT = dwarf;
				ENABLE_STRICT_OBJC_MSGSEND = YES;
				ENABLE_TESTABILITY = YES;
				GCC_C_LANGUAGE_STANDARD = gnu11;
				GCC_DYNAMIC_NO_PIC = NO;
				GCC_NO_COMMON_BLOCKS = YES;
				GCC_OPTIMIZATION_LEVEL = 0;
				GCC_PREPROCESSOR_DEFINITIONS = (
					"DEBUG=1",
					"$(inherited)",
				);
				GCC_WARN_64_TO_32_BIT_CONVERSION = YES;
				GCC_WARN_ABOUT_RETURN_TYPE = YES_ERROR;
				GCC_WARN_UNDECLARED_SELECTOR = YES;
				GCC_WARN_UNINITIALIZED_AUTOS = YES_AGGRESSIVE;
				GCC_WARN_UNUSED_FUNCTION = YES;
				GCC_WARN_UNUSED_VARIABLE = YES;
				IPHONEOS_DEPLOYMENT_TARGET = 14.5;
				MTL_ENABLE_DEBUG_INFO = INCLUDE_SOURCE;
				MTL_FAST_MATH = YES;
				ONLY_ACTIVE_ARCH = YES;
				SDKROOT = iphoneos;
				SWIFT_ACTIVE_COMPILATION_CONDITIONS = DEBUG;
				SWIFT_OPTIMIZATION_LEVEL = "-Onone";
			};
			name = Debug;
		};
		824E4CFE276E74A6005C0865 /* Release */ = {
			isa = XCBuildConfiguration;
			buildSettings = {
				ALWAYS_SEARCH_USER_PATHS = NO;
				CLANG_ANALYZER_NONNULL = YES;
				CLANG_ANALYZER_NUMBER_OBJECT_CONVERSION = YES_AGGRESSIVE;
				CLANG_CXX_LANGUAGE_STANDARD = "gnu++14";
				CLANG_CXX_LIBRARY = "libc++";
				CLANG_ENABLE_MODULES = YES;
				CLANG_ENABLE_OBJC_ARC = YES;
				CLANG_ENABLE_OBJC_WEAK = YES;
				CLANG_WARN_BLOCK_CAPTURE_AUTORELEASING = YES;
				CLANG_WARN_BOOL_CONVERSION = YES;
				CLANG_WARN_COMMA = YES;
				CLANG_WARN_CONSTANT_CONVERSION = YES;
				CLANG_WARN_DEPRECATED_OBJC_IMPLEMENTATIONS = YES;
				CLANG_WARN_DIRECT_OBJC_ISA_USAGE = YES_ERROR;
				CLANG_WARN_DOCUMENTATION_COMMENTS = YES;
				CLANG_WARN_EMPTY_BODY = YES;
				CLANG_WARN_ENUM_CONVERSION = YES;
				CLANG_WARN_INFINITE_RECURSION = YES;
				CLANG_WARN_INT_CONVERSION = YES;
				CLANG_WARN_NON_LITERAL_NULL_CONVERSION = YES;
				CLANG_WARN_OBJC_IMPLICIT_RETAIN_SELF = YES;
				CLANG_WARN_OBJC_LITERAL_CONVERSION = YES;
				CLANG_WARN_OBJC_ROOT_CLASS = YES_ERROR;
				CLANG_WARN_QUOTED_INCLUDE_IN_FRAMEWORK_HEADER = YES;
				CLANG_WARN_RANGE_LOOP_ANALYSIS = YES;
				CLANG_WARN_STRICT_PROTOTYPES = YES;
				CLANG_WARN_SUSPICIOUS_MOVE = YES;
				CLANG_WARN_UNGUARDED_AVAILABILITY = YES_AGGRESSIVE;
				CLANG_WARN_UNREACHABLE_CODE = YES;
				CLANG_WARN__DUPLICATE_METHOD_MATCH = YES;
				COPY_PHASE_STRIP = NO;
				DEBUG_INFORMATION_FORMAT = "dwarf-with-dsym";
				ENABLE_NS_ASSERTIONS = NO;
				ENABLE_STRICT_OBJC_MSGSEND = YES;
				GCC_C_LANGUAGE_STANDARD = gnu11;
				GCC_NO_COMMON_BLOCKS = YES;
				GCC_WARN_64_TO_32_BIT_CONVERSION = YES;
				GCC_WARN_ABOUT_RETURN_TYPE = YES_ERROR;
				GCC_WARN_UNDECLARED_SELECTOR = YES;
				GCC_WARN_UNINITIALIZED_AUTOS = YES_AGGRESSIVE;
				GCC_WARN_UNUSED_FUNCTION = YES;
				GCC_WARN_UNUSED_VARIABLE = YES;
				IPHONEOS_DEPLOYMENT_TARGET = 14.5;
				MTL_ENABLE_DEBUG_INFO = NO;
				MTL_FAST_MATH = YES;
				SDKROOT = iphoneos;
				SWIFT_COMPILATION_MODE = wholemodule;
				SWIFT_OPTIMIZATION_LEVEL = "-O";
				VALIDATE_PRODUCT = YES;
			};
			name = Release;
		};
		824E4D00276E74A6005C0865 /* Debug */ = {
			isa = XCBuildConfiguration;
			buildSettings = {
				ASSETCATALOG_COMPILER_APPICON_NAME = AppIcon;
				ASSETCATALOG_COMPILER_GLOBAL_ACCENT_COLOR_NAME = AccentColor;
				CODE_SIGN_IDENTITY = "Apple Development";
				CODE_SIGN_STYLE = Manual;
				DEVELOPMENT_ASSET_PATHS = "\"Buscador/Preview Content\"";
				DEVELOPMENT_TEAM = "";
				ENABLE_PREVIEWS = YES;
				INFOPLIST_FILE = Buscador/Info.plist;
				LD_RUNPATH_SEARCH_PATHS = (
					"$(inherited)",
					"@executable_path/Frameworks",
				);
				PRODUCT_BUNDLE_IDENTIFIER = com.gustavocosme.Buscador;
				PRODUCT_NAME = "$(TARGET_NAME)";
				PROVISIONING_PROFILE_SPECIFIER = "";
				SWIFT_VERSION = 5.0;
				TARGETED_DEVICE_FAMILY = "1,2";
			};
			name = Debug;
		};
		824E4D01276E74A6005C0865 /* Release */ = {
			isa = XCBuildConfiguration;
			buildSettings = {
				ASSETCATALOG_COMPILER_APPICON_NAME = AppIcon;
				ASSETCATALOG_COMPILER_GLOBAL_ACCENT_COLOR_NAME = AccentColor;
				CODE_SIGN_IDENTITY = "Apple Development";
				CODE_SIGN_STYLE = Manual;
				DEVELOPMENT_ASSET_PATHS = "\"Buscador/Preview Content\"";
				DEVELOPMENT_TEAM = "";
				ENABLE_PREVIEWS = YES;
				INFOPLIST_FILE = Buscador/Info.plist;
				LD_RUNPATH_SEARCH_PATHS = (
					"$(inherited)",
					"@executable_path/Frameworks",
				);
				PRODUCT_BUNDLE_IDENTIFIER = com.gustavocosme.Buscador;
				PRODUCT_NAME = "$(TARGET_NAME)";
				PROVISIONING_PROFILE_SPECIFIER = "";
				SWIFT_VERSION = 5.0;
				TARGETED_DEVICE_FAMILY = "1,2";
			};
			name = Release;
		};
/* End XCBuildConfiguration section */

/* Begin XCConfigurationList section */
		8210E11827772A47003D7607 /* Build configuration list for PBXNativeTarget "BuscadorTests" */ = {
			isa = XCConfigurationList;
			buildConfigurations = (
				8210E11627772A47003D7607 /* Debug */,
				8210E11727772A47003D7607 /* Release */,
			);
			defaultConfigurationIsVisible = 0;
			defaultConfigurationName = Release;
		};
		824E4CE3276E74A5005C0865 /* Build configuration list for PBXProject "Buscador" */ = {
			isa = XCConfigurationList;
			buildConfigurations = (
				824E4CFD276E74A6005C0865 /* Debug */,
				824E4CFE276E74A6005C0865 /* Release */,
			);
			defaultConfigurationIsVisible = 0;
			defaultConfigurationName = Release;
		};
		824E4CFF276E74A6005C0865 /* Build configuration list for PBXNativeTarget "Buscador" */ = {
			isa = XCConfigurationList;
			buildConfigurations = (
				824E4D00276E74A6005C0865 /* Debug */,
				824E4D01276E74A6005C0865 /* Release */,
			);
			defaultConfigurationIsVisible = 0;
			defaultConfigurationName = Release;
		};
/* End XCConfigurationList section */

/* Begin XCRemoteSwiftPackageReference section */
		82A7B017277E3D6600D40682 /* XCRemoteSwiftPackageReference "Alamofire" */ = {
			isa = XCRemoteSwiftPackageReference;
			repositoryURL = "https://github.com/Alamofire/Alamofire.git";
			requirement = {
				kind = upToNextMajorVersion;
				minimumVersion = 5.0.0;
			};
		};
/* End XCRemoteSwiftPackageReference section */

/* Begin XCSwiftPackageProductDependency section */
		82A7B018277E3D6600D40682 /* Alamofire */ = {
			isa = XCSwiftPackageProductDependency;
			package = 82A7B017277E3D6600D40682 /* XCRemoteSwiftPackageReference "Alamofire" */;
			productName = Alamofire;
		};
/* End XCSwiftPackageProductDependency section */

/* Begin XCVersionGroup section */
		824E4CF1276E74A5005C0865 /* Buscador.xcdatamodeld */ = {
			isa = XCVersionGroup;
			children = (
				824E4CF2276E74A5005C0865 /* Buscador.xcdatamodel */,
			);
			currentVersion = 824E4CF2276E74A5005C0865 /* Buscador.xcdatamodel */;
			path = Buscador.xcdatamodeld;
			sourceTree = "<group>";
			versionGroupType = wrapper.xcdatamodel;
		};
/* End XCVersionGroup section */
	};
	rootObject = 824E4CE0276E74A5005C0865 /* Project object */;
}
